// !$*UTF8*$!
{
	archiveVersion = 1;
	classes = {
	};
	objectVersion = 55;
	objects = {

/* Begin PBXBuildFile section */
		3C466B4127CAB8DB004309B1 /* TrianguloViewController.swift in Sources */ = {isa = PBXBuildFile; fileRef = 3C466B4027CAB8DB004309B1 /* TrianguloViewController.swift */; };
		3C6B47FA27CAACF000E79FAF /* RectanguloViewController.swift in Sources */ = {isa = PBXBuildFile; fileRef = 3C6B47F927CAACF000E79FAF /* RectanguloViewController.swift */; };
		3C9E9E0C27CA7B3C00CD7D36 /* AppDelegate.swift in Sources */ = {isa = PBXBuildFile; fileRef = 3C9E9E0B27CA7B3C00CD7D36 /* AppDelegate.swift */; };
		3C9E9E0E27CA7B3C00CD7D36 /* SceneDelegate.swift in Sources */ = {isa = PBXBuildFile; fileRef = 3C9E9E0D27CA7B3C00CD7D36 /* SceneDelegate.swift */; };
		3C9E9E1027CA7B3C00CD7D36 /* ViewController.swift in Sources */ = {isa = PBXBuildFile; fileRef = 3C9E9E0F27CA7B3C00CD7D36 /* ViewController.swift */; };
		3C9E9E1327CA7B3C00CD7D36 /* Main.storyboard in Resources */ = {isa = PBXBuildFile; fileRef = 3C9E9E1127CA7B3C00CD7D36 /* Main.storyboard */; };
		3C9E9E1527CA7B4D00CD7D36 /* Assets.xcassets in Resources */ = {isa = PBXBuildFile; fileRef = 3C9E9E1427CA7B4D00CD7D36 /* Assets.xcassets */; };
		3C9E9E1827CA7B4D00CD7D36 /* LaunchScreen.storyboard in Resources */ = {isa = PBXBuildFile; fileRef = 3C9E9E1627CA7B4D00CD7D36 /* LaunchScreen.storyboard */; };
		3CA9378B27CDDD3F00070132 /* CuadradoViewController.swift in Sources */ = {isa = PBXBuildFile; fileRef = 3CA9378A27CDDD3F00070132 /* CuadradoViewController.swift */; };
/* End PBXBuildFile section */

/* Begin PBXFileReference section */
		3C466B4027CAB8DB004309B1 /* TrianguloViewController.swift */ = {isa = PBXFileReference; lastKnownFileType = sourcecode.swift; path = TrianguloViewController.swift; sourceTree = "<group>"; };
		3C6B47F927CAACF000E79FAF /* RectanguloViewController.swift */ = {isa = PBXFileReference; lastKnownFileType = sourcecode.swift; path = RectanguloViewController.swift; sourceTree = "<group>"; };
		3C9E9E0827CA7B3C00CD7D36 /* PrimerEj.app */ = {isa = PBXFileReference; explicitFileType = wrapper.application; includeInIndex = 0; path = PrimerEj.app; sourceTree = BUILT_PRODUCTS_DIR; };
		3C9E9E0B27CA7B3C00CD7D36 /* AppDelegate.swift */ = {isa = PBXFileReference; lastKnownFileType = sourcecode.swift; path = AppDelegate.swift; sourceTree = "<group>"; };
		3C9E9E0D27CA7B3C00CD7D36 /* SceneDelegate.swift */ = {isa = PBXFileReference; lastKnownFileType = sourcecode.swift; path = SceneDelegate.swift; sourceTree = "<group>"; };
		3C9E9E0F27CA7B3C00CD7D36 /* ViewController.swift */ = {isa = PBXFileReference; lastKnownFileType = sourcecode.swift; path = ViewController.swift; sourceTree = "<group>"; };
		3C9E9E1227CA7B3C00CD7D36 /* Base */ = {isa = PBXFileReference; lastKnownFileType = file.storyboard; name = Base; path = Base.lproj/Main.storyboard; sourceTree = "<group>"; };
		3C9E9E1427CA7B4D00CD7D36 /* Assets.xcassets */ = {isa = PBXFileReference; lastKnownFileType = folder.assetcatalog; path = Assets.xcassets; sourceTree = "<group>"; };
		3C9E9E1727CA7B4D00CD7D36 /* Base */ = {isa = PBXFileReference; lastKnownFileType = file.storyboard; name = Base; path = Base.lproj/LaunchScreen.storyboard; sourceTree = "<group>"; };
		3C9E9E1927CA7B4D00CD7D36 /* Info.plist */ = {isa = PBXFileReference; lastKnownFileType = text.plist.xml; path = Info.plist; sourceTree = "<group>"; };
		3CA9378A27CDDD3F00070132 /* CuadradoViewController.swift */ = {isa = PBXFileReference; lastKnownFileType = sourcecode.swift; path = CuadradoViewController.swift; sourceTree = "<group>"; };
/* End PBXFileReference section */

/* Begin PBXFrameworksBuildPhase section */
		3C9E9E0527CA7B3C00CD7D36 /* Frameworks */ = {
			isa = PBXFrameworksBuildPhase;
			buildActionMask = 2147483647;
			files = (
			);
			runOnlyForDeploymentPostprocessing = 0;
		};
/* End PBXFrameworksBuildPhase section */

/* Begin PBXGroup section */
		3C9E9DFF27CA7B3C00CD7D36 = {
			isa = PBXGroup;
			children = (
				3C9E9E0A27CA7B3C00CD7D36 /* PrimerEj */,
				3C9E9E0927CA7B3C00CD7D36 /* Products */,
			);
			sourceTree = "<group>";
		};
		3C9E9E0927CA7B3C00CD7D36 /* Products */ = {
			isa = PBXGroup;
			children = (
				3C9E9E0827CA7B3C00CD7D36 /* PrimerEj.app */,
			);
			name = Products;
			sourceTree = "<group>";
		};
		3C9E9E0A27CA7B3C00CD7D36 /* PrimerEj */ = {
			isa = PBXGroup;
			children = (
				3CFFFBE027D3B9140075D41F /* View */,
				3CFFFBDF27D3B8ED0075D41F /* Model */,
				3CFFFBDE27D3B8E50075D41F /* Tools */,
				3CFFFBDD27D3B8DB0075D41F /* Controller */,
				3C9E9E1127CA7B3C00CD7D36 /* Main.storyboard */,
				3C9E9E1427CA7B4D00CD7D36 /* Assets.xcassets */,
				3C9E9E1627CA7B4D00CD7D36 /* LaunchScreen.storyboard */,
				3C9E9E1927CA7B4D00CD7D36 /* Info.plist */,
				3C6B47F927CAACF000E79FAF /* RectanguloViewController.swift */,
				3C466B4027CAB8DB004309B1 /* TrianguloViewController.swift */,
				3CA9378A27CDDD3F00070132 /* CuadradoViewController.swift */,
			);
			path = PrimerEj;
			sourceTree = "<group>";
		};
		3CFFFBDD27D3B8DB0075D41F /* Controller */ = {
			isa = PBXGroup;
			children = (
			);
			path = Controller;
			sourceTree = "<group>";
		};
		3CFFFBDE27D3B8E50075D41F /* Tools */ = {
			isa = PBXGroup;
			children = (
				3C9E9E0B27CA7B3C00CD7D36 /* AppDelegate.swift */,
				3C9E9E0D27CA7B3C00CD7D36 /* SceneDelegate.swift */,
			);
			path = Tools;
			sourceTree = "<group>";
		};
		3CFFFBDF27D3B8ED0075D41F /* Model */ = {
			isa = PBXGroup;
			children = (
			);
			path = Model;
			sourceTree = "<group>";
		};
		3CFFFBE027D3B9140075D41F /* View */ = {
			isa = PBXGroup;
			children = (
				3C9E9E0F27CA7B3C00CD7D36 /* ViewController.swift */,
			);
			path = View;
			sourceTree = "<group>";
		};
/* End PBXGroup section */

/* Begin PBXNativeTarget section */
		3C9E9E0727CA7B3C00CD7D36 /* PrimerEj */ = {
			isa = PBXNativeTarget;
			buildConfigurationList = 3C9E9E1C27CA7B4D00CD7D36 /* Build configuration list for PBXNativeTarget "PrimerEj" */;
			buildPhases = (
				3C9E9E0427CA7B3C00CD7D36 /* Sources */,
				3C9E9E0527CA7B3C00CD7D36 /* Frameworks */,
				3C9E9E0627CA7B3C00CD7D36 /* Resources */,
			);
			buildRules = (
			);
			dependencies = (
			);
			name = PrimerEj;
			productName = PrimerEj;
			productReference = 3C9E9E0827CA7B3C00CD7D36 /* PrimerEj.app */;
			productType = "com.apple.product-type.application";
		};
/* End PBXNativeTarget section */

/* Begin PBXProject section */
		3C9E9E0027CA7B3C00CD7D36 /* Project object */ = {
			isa = PBXProject;
			attributes = {
				BuildIndependentTargetsInParallel = 1;
				LastSwiftUpdateCheck = 1310;
				LastUpgradeCheck = 1310;
				TargetAttributes = {
					3C9E9E0727CA7B3C00CD7D36 = {
						CreatedOnToolsVersion = 13.1;
					};
				};
			};
			buildConfigurationList = 3C9E9E0327CA7B3C00CD7D36 /* Build configuration list for PBXProject "PrimerEj" */;
			compatibilityVersion = "Xcode 13.0";
			developmentRegion = en;
			hasScannedForEncodings = 0;
			knownRegions = (
				en,
				Base,
			);
			mainGroup = 3C9E9DFF27CA7B3C00CD7D36;
			productRefGroup = 3C9E9E0927CA7B3C00CD7D36 /* Products */;
			projectDirPath = "";
			projectRoot = "";
			targets = (
				3C9E9E0727CA7B3C00CD7D36 /* PrimerEj */,
			);
		};
/* End PBXProject section */

/* Begin PBXResourcesBuildPhase section */
		3C9E9E0627CA7B3C00CD7D36 /* Resources */ = {
			isa = PBXResourcesBuildPhase;
			buildActionMask = 2147483647;
			files = (
				3C9E9E1827CA7B4D00CD7D36 /* LaunchScreen.storyboard in Resources */,
				3C9E9E1527CA7B4D00CD7D36 /* Assets.xcassets in Resources */,
				3C9E9E1327CA7B3C00CD7D36 /* Main.storyboard in Resources */,
			);
			runOnlyForDeploymentPostprocessing = 0;
		};
/* End PBXResourcesBuildPhase section */

/* Begin PBXSourcesBuildPhase section */
		3C9E9E0427CA7B3C00CD7D36 /* Sources */ = {
			isa = PBXSourcesBuildPhase;
			buildActionMask = 2147483647;
			files = (
				3C6B47FA27CAACF000E79FAF /* RectanguloViewController.swift in Sources */,
				3C466B4127CAB8DB004309B1 /* TrianguloViewController.swift in Sources */,
				3C9E9E1027CA7B3C00CD7D36 /* ViewController.swift in Sources */,
				3C9E9E0C27CA7B3C00CD7D36 /* AppDelegate.swift in Sources */,
				3C9E9E0E27CA7B3C00CD7D36 /* SceneDelegate.swift in Sources */,
				3CA9378B27CDDD3F00070132 /* CuadradoViewController.swift in Sources */,
			);
			runOnlyForDeploymentPostprocessing = 0;
		};
/* End PBXSourcesBuildPhase section */

/* Begin PBXVariantGroup section */
		3C9E9E1127CA7B3C00CD7D36 /* Main.storyboard */ = {
			isa = PBXVariantGroup;
			children = (
				3C9E9E1227CA7B3C00CD7D36 /* Base */,
			);
			name = Main.storyboard;
			sourceTree = "<group>";
		};
		3C9E9E1627CA7B4D00CD7D36 /* LaunchScreen.storyboard */ = {
			isa = PBXVariantGroup;
			children = (
				3C9E9E1727CA7B4D00CD7D36 /* Base */,
			);
			name = LaunchScreen.storyboard;
			sourceTree = "<group>";
		};
/* End PBXVariantGroup section */

/* Begin XCBuildConfiguration section */
		3C9E9E1A27CA7B4D00CD7D36 /* Debug */ = {
			isa = XCBuildConfiguration;
			buildSettings = {
				ALWAYS_SEARCH_USER_PATHS = NO;
				CLANG_ANALYZER_NONNULL = YES;
				CLANG_ANALYZER_NUMBER_OBJECT_CONVERSION = YES_AGGRESSIVE;
				CLANG_CXX_LANGUAGE_STANDARD = "gnu++17";
				CLANG_CXX_LIBRARY = "libc++";
				CLANG_ENABLE_MODULES = YES;
				CLANG_ENABLE_OBJC_ARC = YES;
				CLANG_ENABLE_OBJC_WEAK = YES;
				CLANG_WARN_BLOCK_CAPTURE_AUTORELEASING = YES;
				CLANG_WARN_BOOL_CONVERSION = YES;
				CLANG_WARN_COMMA = YES;
				CLANG_WARN_CONSTANT_CONVERSION = YES;
				CLANG_WARN_DEPRECATED_OBJC_IMPLEMENTATIONS = YES;
				CLANG_WARN_DIRECT_OBJC_ISA_USAGE = YES_ERROR;
				CLANG_WARN_DOCUMENTATION_COMMENTS = YES;
				CLANG_WARN_EMPTY_BODY = YES;
				CLANG_WARN_ENUM_CONVERSION = YES;
				CLANG_WARN_INFINITE_RECURSION = YES;
				CLANG_WARN_INT_CONVERSION = YES;
				CLANG_WARN_NON_LITERAL_NULL_CONVERSION = YES;
				CLANG_WARN_OBJC_IMPLICIT_RETAIN_SELF = YES;
				CLANG_WARN_OBJC_LITERAL_CONVERSION = YES;
				CLANG_WARN_OBJC_ROOT_CLASS = YES_ERROR;
				CLANG_WARN_QUOTED_INCLUDE_IN_FRAMEWORK_HEADER = YES;
				CLANG_WARN_RANGE_LOOP_ANALYSIS = YES;
				CLANG_WARN_STRICT_PROTOTYPES = YES;
				CLANG_WARN_SUSPICIOUS_MOVE = YES;
				CLANG_WARN_UNGUARDED_AVAILABILITY = YES_AGGRESSIVE;
				CLANG_WARN_UNREACHABLE_CODE = YES;
				CLANG_WARN__DUPLICATE_METHOD_MATCH = YES;
				COPY_PHASE_STRIP = NO;
				DEBUG_INFORMATION_FORMAT = dwarf;
				ENABLE_STRICT_OBJC_MSGSEND = YES;
				ENABLE_TESTABILITY = YES;
				GCC_C_LANGUAGE_STANDARD = gnu11;
				GCC_DYNAMIC_NO_PIC = NO;
				GCC_NO_COMMON_BLOCKS = YES;
				GCC_OPTIMIZATION_LEVEL = 0;
				GCC_PREPROCESSOR_DEFINITIONS = (
					"DEBUG=1",
					"$(inherited)",
				);
				GCC_WARN_64_TO_32_BIT_CONVERSION = YES;
				GCC_WARN_ABOUT_RETURN_TYPE = YES_ERROR;
				GCC_WARN_UNDECLARED_SELECTOR = YES;
				GCC_WARN_UNINITIALIZED_AUTOS = YES_AGGRESSIVE;
				GCC_WARN_UNUSED_FUNCTION = YES;
				GCC_WARN_UNUSED_VARIABLE = YES;
				IPHONEOS_DEPLOYMENT_TARGET = 15.0;
				MTL_ENABLE_DEBUG_INFO = INCLUDE_SOURCE;
				MTL_FAST_MATH = YES;
				ONLY_ACTIVE_ARCH = YES;
				SDKROOT = iphoneos;
				SWIFT_ACTIVE_COMPILATION_CONDITIONS = DEBUG;
				SWIFT_OPTIMIZATION_LEVEL = "-Onone";
			};
			name = Debug;
		};
		3C9E9E1B27CA7B4D00CD7D36 /* Release */ = {
			isa = XCBuildConfiguration;
			buildSettings = {
				ALWAYS_SEARCH_USER_PATHS = NO;
				CLANG_ANALYZER_NONNULL = YES;
				CLANG_ANALYZER_NUMBER_OBJECT_CONVERSION = YES_AGGRESSIVE;
				CLANG_CXX_LANGUAGE_STANDARD = "gnu++17";
				CLANG_CXX_LIBRARY = "libc++";
				CLANG_ENABLE_MODULES = YES;
				CLANG_ENABLE_OBJC_ARC = YES;
				CLANG_ENABLE_OBJC_WEAK = YES;
				CLANG_WARN_BLOCK_CAPTURE_AUTORELEASING = YES;
				CLANG_WARN_BOOL_CONVERSION = YES;
				CLANG_WARN_COMMA = YES;
				CLANG_WARN_CONSTANT_CONVERSION = YES;
				CLANG_WARN_DEPRECATED_OBJC_IMPLEMENTATIONS = YES;
				CLANG_WARN_DIRECT_OBJC_ISA_USAGE = YES_ERROR;
				CLANG_WARN_DOCUMENTATION_COMMENTS = YES;
				CLANG_WARN_EMPTY_BODY = YES;
				CLANG_WARN_ENUM_CONVERSION = YES;
				CLANG_WARN_INFINITE_RECURSION = YES;
				CLANG_WARN_INT_CONVERSION = YES;
				CLANG_WARN_NON_LITERAL_NULL_CONVERSION = YES;
				CLANG_WARN_OBJC_IMPLICIT_RETAIN_SELF = YES;
				CLANG_WARN_OBJC_LITERAL_CONVERSION = YES;
				CLANG_WARN_OBJC_ROOT_CLASS = YES_ERROR;
				CLANG_WARN_QUOTED_INCLUDE_IN_FRAMEWORK_HEADER = YES;
				CLANG_WARN_RANGE_LOOP_ANALYSIS = YES;
				CLANG_WARN_STRICT_PROTOTYPES = YES;
				CLANG_WARN_SUSPICIOUS_MOVE = YES;
				CLANG_WARN_UNGUARDED_AVAILABILITY = YES_AGGRESSIVE;
				CLANG_WARN_UNREACHABLE_CODE = YES;
				CLANG_WARN__DUPLICATE_METHOD_MATCH = YES;
				COPY_PHASE_STRIP = NO;
				DEBUG_INFORMATION_FORMAT = "dwarf-with-dsym";
				ENABLE_NS_ASSERTIONS = NO;
				ENABLE_STRICT_OBJC_MSGSEND = YES;
				GCC_C_LANGUAGE_STANDARD = gnu11;
				GCC_NO_COMMON_BLOCKS = YES;
				GCC_WARN_64_TO_32_BIT_CONVERSION = YES;
				GCC_WARN_ABOUT_RETURN_TYPE = YES_ERROR;
				GCC_WARN_UNDECLARED_SELECTOR = YES;
				GCC_WARN_UNINITIALIZED_AUTOS = YES_AGGRESSIVE;
				GCC_WARN_UNUSED_FUNCTION = YES;
				GCC_WARN_UNUSED_VARIABLE = YES;
				IPHONEOS_DEPLOYMENT_TARGET = 15.0;
				MTL_ENABLE_DEBUG_INFO = NO;
				MTL_FAST_MATH = YES;
				SDKROOT = iphoneos;
				SWIFT_COMPILATION_MODE = wholemodule;
				SWIFT_OPTIMIZATION_LEVEL = "-O";
				VALIDATE_PRODUCT = YES;
			};
			name = Release;
		};
		3C9E9E1D27CA7B4D00CD7D36 /* Debug */ = {
			isa = XCBuildConfiguration;
			buildSettings = {
				ASSETCATALOG_COMPILER_APPICON_NAME = AppIcon;
				ASSETCATALOG_COMPILER_GLOBAL_ACCENT_COLOR_NAME = AccentColor;
				CODE_SIGN_STYLE = Automatic;
				CURRENT_PROJECT_VERSION = 1;
				DEVELOPMENT_TEAM = MK78X288LM;
				GENERATE_INFOPLIST_FILE = YES;
				INFOPLIST_FILE = PrimerEj/Info.plist;
				INFOPLIST_KEY_UIApplicationSupportsIndirectInputEvents = YES;
				INFOPLIST_KEY_UILaunchStoryboardName = LaunchScreen;
				INFOPLIST_KEY_UIMainStoryboardFile = Main;
				INFOPLIST_KEY_UISupportedInterfaceOrientations_iPad = "UIInterfaceOrientationPortrait UIInterfaceOrientationPortraitUpsideDown UIInterfaceOrientationLandscapeLeft UIInterfaceOrientationLandscapeRight";
				INFOPLIST_KEY_UISupportedInterfaceOrientations_iPhone = "UIInterfaceOrientationPortrait UIInterfaceOrientationLandscapeLeft UIInterfaceOrientationLandscapeRight";
				IPHONEOS_DEPLOYMENT_TARGET = 15.0;
				LD_RUNPATH_SEARCH_PATHS = (
					"$(inherited)",
					"@executable_path/Frameworks",
				);
				MARKETING_VERSION = 1.0;
				PRODUCT_BUNDLE_IDENTIFIER = com.DianaGiselle.PrimerEj;
				PRODUCT_NAME = "$(TARGET_NAME)";
				SWIFT_EMIT_LOC_STRINGS = YES;
				SWIFT_VERSION = 5.0;
				TARGETED_DEVICE_FAMILY = "1,2";
			};
			name = Debug;
		};
		3C9E9E1E27CA7B4D00CD7D36 /* Release */ = {
			isa = XCBuildConfiguration;
			buildSettings = {
				ASSETCATALOG_COMPILER_APPICON_NAME = AppIcon;
				ASSETCATALOG_COMPILER_GLOBAL_ACCENT_COLOR_NAME = AccentColor;
				CODE_SIGN_STYLE = Automatic;
				CURRENT_PROJECT_VERSION = 1;
				DEVELOPMENT_TEAM = MK78X288LM;
				GENERATE_INFOPLIST_FILE = YES;
				INFOPLIST_FILE = PrimerEj/Info.plist;
				INFOPLIST_KEY_UIApplicationSupportsIndirectInputEvents = YES;
				INFOPLIST_KEY_UILaunchStoryboardName = LaunchScreen;
				INFOPLIST_KEY_UIMainStoryboardFile = Main;
				INFOPLIST_KEY_UISupportedInterfaceOrientations_iPad = "UIInterfaceOrientationPortrait UIInterfaceOrientationPortraitUpsideDown UIInterfaceOrientationLandscapeLeft UIInterfaceOrientationLandscapeRight";
				INFOPLIST_KEY_UISupportedInterfaceOrientations_iPhone = "UIInterfaceOrientationPortrait UIInterfaceOrientationLandscapeLeft UIInterfaceOrientationLandscapeRight";
				IPHONEOS_DEPLOYMENT_TARGET = 15.0;
				LD_RUNPATH_SEARCH_PATHS = (
					"$(inherited)",
					"@executable_path/Frameworks",
				);
				MARKETING_VERSION = 1.0;
				PRODUCT_BUNDLE_IDENTIFIER = com.DianaGiselle.PrimerEj;
				PRODUCT_NAME = "$(TARGET_NAME)";
				SWIFT_EMIT_LOC_STRINGS = YES;
				SWIFT_VERSION = 5.0;
				TARGETED_DEVICE_FAMILY = "1,2";
			};
			name = Release;
		};
/* End XCBuildConfiguration section */

/* Begin XCConfigurationList section */
		3C9E9E0327CA7B3C00CD7D36 /* Build configuration list for PBXProject "PrimerEj" */ = {
			isa = XCConfigurationList;
			buildConfigurations = (
				3C9E9E1A27CA7B4D00CD7D36 /* Debug */,
				3C9E9E1B27CA7B4D00CD7D36 /* Release */,
			);
			defaultConfigurationIsVisible = 0;
			defaultConfigurationName = Release;
		};
		3C9E9E1C27CA7B4D00CD7D36 /* Build configuration list for PBXNativeTarget "PrimerEj" */ = {
			isa = XCConfigurationList;
			buildConfigurations = (
				3C9E9E1D27CA7B4D00CD7D36 /* Debug */,
				3C9E9E1E27CA7B4D00CD7D36 /* Release */,
			);
			defaultConfigurationIsVisible = 0;
			defaultConfigurationName = Release;
		};
/* End XCConfigurationList section */
	};
	rootObject = 3C9E9E0027CA7B3C00CD7D36 /* Project object */;
}
